
Microsoft Visual Studio Solution File, Format Version 12.00
# Visual Studio 15
VisualStudioVersion = 15.0.28307.438
MinimumVisualStudioVersion = 10.0.40219.1
Project("{9A19103F-16F7-4668-BE54-9A1E7A4F7556}") = "01. Valid Usernames", "01. Valid Usernames\01. Valid Usernames.csproj", "{B1F9838F-E923-4262-81F7-DF8FD63F4E88}"
EndProject
Project("{9A19103F-16F7-4668-BE54-9A1E7A4F7556}") = "02. Character Multiplier", "02. Character Multiplier\02. Character Multiplier.csproj", "{81D913EC-4AC3-4CB9-BA66-5F9EF2B112A2}"
EndProject
Project("{9A19103F-16F7-4668-BE54-9A1E7A4F7556}") = "03. Extract File", "03. Extract File\03. Extract File.csproj", "{27D3A98D-DF8B-4384-8093-2A4545EEE474}"
EndProject
Project("{9A19103F-16F7-4668-BE54-9A1E7A4F7556}") = "04. Caesar Cipher", "04. Caesar Cipher\04. Caesar Cipher.csproj", "{5220BEB2-89F3-407E-ABDD-9C20839F9BC9}"
EndProject
Project("{9A19103F-16F7-4668-BE54-9A1E7A4F7556}") = "05. Multiply Big Number", "05. Multiply Big Number\05. Multiply Big Number.csproj", "{F08DD0F4-EE14-4514-91AD-E12478F12671}"
EndProject
Project("{9A19103F-16F7-4668-BE54-9A1E7A4F7556}") = "06. Replace Repeating Chars", "06. Replace Repeating Chars\06. Replace Repeating Chars.csproj", "{101C7C4D-4A27-46AC-A01F-3ABE9082E0FC}"
EndProject
Project("{9A19103F-16F7-4668-BE54-9A1E7A4F7556}") = "07. String Explosion", "07. String Explosion\07. String Explosion.csproj", "{58F87E7C-9B28-40EE-A194-A2005C8CA04D}"
EndProject
Project("{9A19103F-16F7-4668-BE54-9A1E7A4F7556}") = "08. Match Numbers", "08. Match Numbers\08. Match Numbers.csproj", "{78D0CD21-23A2-49F0-92E7-92365694E352}"
EndProject
Project("{9A19103F-16F7-4668-BE54-9A1E7A4F7556}") = "09. Star Enigma", "09. Star Enigma\09. Star Enigma.csproj", "{B66841A4-22D6-4A75-8728-F31CAEFE3093}"
EndProject
Project("{9A19103F-16F7-4668-BE54-9A1E7A4F7556}") = "10. Rage Quit", "10. Rage Quit\10. Rage Quit.csproj", "{1FC423F3-F8B8-4E96-B674-AC91F38A3BF1}"
EndProject
Project("{9A19103F-16F7-4668-BE54-9A1E7A4F7556}") = "12. SoftUni Bar Income", "12. SoftUni Bar Income\12. SoftUni Bar Income.csproj", "{3F3E2688-BF8C-4351-A543-0AFD83122B67}"
EndProject
Project("{FAE04EC0-301F-11D3-BF4B-00C04F79EFBC}") = "11. Letters Change Numberss", "11. Letters Change Numberss\11. Letters Change Numberss.csproj", "{9C0B4BD2-4502-4706-B263-F716A2B2DCAE}"
EndProject
Global
	GlobalSection(SolutionConfigurationPlatforms) = preSolution
		Debug|Any CPU = Debug|Any CPU
		Release|Any CPU = Release|Any CPU
	EndGlobalSection
	GlobalSection(ProjectConfigurationPlatforms) = postSolution
		{B1F9838F-E923-4262-81F7-DF8FD63F4E88}.Debug|Any CPU.ActiveCfg = Debug|Any CPU
		{B1F9838F-E923-4262-81F7-DF8FD63F4E88}.Debug|Any CPU.Build.0 = Debug|Any CPU
		{B1F9838F-E923-4262-81F7-DF8FD63F4E88}.Release|Any CPU.ActiveCfg = Release|Any CPU
		{B1F9838F-E923-4262-81F7-DF8FD63F4E88}.Release|Any CPU.Build.0 = Release|Any CPU
		{81D913EC-4AC3-4CB9-BA66-5F9EF2B112A2}.Debug|Any CPU.ActiveCfg = Debug|Any CPU
		{81D913EC-4AC3-4CB9-BA66-5F9EF2B112A2}.Debug|Any CPU.Build.0 = Debug|Any CPU
		{81D913EC-4AC3-4CB9-BA66-5F9EF2B112A2}.Release|Any CPU.ActiveCfg = Release|Any CPU
		{81D913EC-4AC3-4CB9-BA66-5F9EF2B112A2}.Release|Any CPU.Build.0 = Release|Any CPU
		{27D3A98D-DF8B-4384-8093-2A4545EEE474}.Debug|Any CPU.ActiveCfg = Debug|Any CPU
		{27D3A98D-DF8B-4384-8093-2A4545EEE474}.Debug|Any CPU.Build.0 = Debug|Any CPU
		{27D3A98D-DF8B-4384-8093-2A4545EEE474}.Release|Any CPU.ActiveCfg = Release|Any CPU
		{27D3A98D-DF8B-4384-8093-2A4545EEE474}.Release|Any CPU.Build.0 = Release|Any CPU
		{5220BEB2-89F3-407E-ABDD-9C20839F9BC9}.Debug|Any CPU.ActiveCfg = Debug|Any CPU
		{5220BEB2-89F3-407E-ABDD-9C20839F9BC9}.Debug|Any CPU.Build.0 = Debug|Any CPU
		{5220BEB2-89F3-407E-ABDD-9C20839F9BC9}.Release|Any CPU.ActiveCfg = Release|Any CPU
		{5220BEB2-89F3-407E-ABDD-9C20839F9BC9}.Release|Any CPU.Build.0 = Release|Any CPU
		{F08DD0F4-EE14-4514-91AD-E12478F12671}.Debug|Any CPU.ActiveCfg = Debug|Any CPU
		{F08DD0F4-EE14-4514-91AD-E12478F12671}.Debug|Any CPU.Build.0 = Debug|Any CPU
		{F08DD0F4-EE14-4514-91AD-E12478F12671}.Release|Any CPU.ActiveCfg = Release|Any CPU
		{F08DD0F4-EE14-4514-91AD-E12478F12671}.Release|Any CPU.Build.0 = Release|Any CPU
		{101C7C4D-4A27-46AC-A01F-3ABE9082E0FC}.Debug|Any CPU.ActiveCfg = Debug|Any CPU
		{101C7C4D-4A27-46AC-A01F-3ABE9082E0FC}.Debug|Any CPU.Build.0 = Debug|Any CPU
		{101C7C4D-4A27-46AC-A01F-3ABE9082E0FC}.Release|Any CPU.ActiveCfg = Release|Any CPU
		{101C7C4D-4A27-46AC-A01F-3ABE9082E0FC}.Release|Any CPU.Build.0 = Release|Any CPU
		{58F87E7C-9B28-40EE-A194-A2005C8CA04D}.Debug|Any CPU.ActiveCfg = Debug|Any CPU
		{58F87E7C-9B28-40EE-A194-A2005C8CA04D}.Debug|Any CPU.Build.0 = Debug|Any CPU
		{58F87E7C-9B28-40EE-A194-A2005C8CA04D}.Release|Any CPU.ActiveCfg = Release|Any CPU
		{58F87E7C-9B28-40EE-A194-A2005C8CA04D}.Release|Any CPU.Build.0 = Release|Any CPU
		{78D0CD21-23A2-49F0-92E7-92365694E352}.Debug|Any CPU.ActiveCfg = Debug|Any CPU
		{78D0CD21-23A2-49F0-92E7-92365694E352}.Debug|Any CPU.Build.0 = Debug|Any CPU
		{78D0CD21-23A2-49F0-92E7-92365694E352}.Release|Any CPU.ActiveCfg = Release|Any CPU
		{78D0CD21-23A2-49F0-92E7-92365694E352}.Release|Any CPU.Build.0 = Release|Any CPU
		{B66841A4-22D6-4A75-8728-F31CAEFE3093}.Debug|Any CPU.ActiveCfg = Debug|Any CPU
		{B66841A4-22D6-4A75-8728-F31CAEFE3093}.Debug|Any CPU.Build.0 = Debug|Any CPU
		{B66841A4-22D6-4A75-8728-F31CAEFE3093}.Release|Any CPU.ActiveCfg = Release|Any CPU
		{B66841A4-22D6-4A75-8728-F31CAEFE3093}.Release|Any CPU.Build.0 = Release|Any CPU
		{1FC423F3-F8B8-4E96-B674-AC91F38A3BF1}.Debug|Any CPU.ActiveCfg = Debug|Any CPU
		{1FC423F3-F8B8-4E96-B674-AC91F38A3BF1}.Debug|Any CPU.Build.0 = Debug|Any CPU
		{1FC423F3-F8B8-4E96-B674-AC91F38A3BF1}.Release|Any CPU.ActiveCfg = Release|Any CPU
		{1FC423F3-F8B8-4E96-B674-AC91F38A3BF1}.Release|Any CPU.Build.0 = Release|Any CPU
		{3F3E2688-BF8C-4351-A543-0AFD83122B67}.Debug|Any CPU.ActiveCfg = Debug|Any CPU
		{3F3E2688-BF8C-4351-A543-0AFD83122B67}.Debug|Any CPU.Build.0 = Debug|Any CPU
		{3F3E2688-BF8C-4351-A543-0AFD83122B67}.Release|Any CPU.ActiveCfg = Release|Any CPU
		{3F3E2688-BF8C-4351-A543-0AFD83122B67}.Release|Any CPU.Build.0 = Release|Any CPU
		{9C0B4BD2-4502-4706-B263-F716A2B2DCAE}.Debug|Any CPU.ActiveCfg = Debug|Any CPU
		{9C0B4BD2-4502-4706-B263-F716A2B2DCAE}.Debug|Any CPU.Build.0 = Debug|Any CPU
		{9C0B4BD2-4502-4706-B263-F716A2B2DCAE}.Release|Any CPU.ActiveCfg = Release|Any CPU
		{9C0B4BD2-4502-4706-B263-F716A2B2DCAE}.Release|Any CPU.Build.0 = Release|Any CPU
	EndGlobalSection
	GlobalSection(SolutionProperties) = preSolution
		HideSolutionNode = FALSE
	EndGlobalSection
	GlobalSection(ExtensibilityGlobals) = postSolution
		SolutionGuid = {E16B89AB-0379-4C7F-861E-BF2E9A0CDA50}
	EndGlobalSection
EndGlobal
