
Microsoft Visual Studio Solution File, Format Version 12.00
# Visual Studio 15
VisualStudioVersion = 15.0.28307.438
MinimumVisualStudioVersion = 10.0.40219.1
Project("{9A19103F-16F7-4668-BE54-9A1E7A4F7556}") = "01. Count Real Numbers", "01. Count Real Numbers\01. Count Real Numbers.csproj", "{070FC19D-B8C5-40F5-A8A2-F879012D614A}"
EndProject
Project("{FAE04EC0-301F-11D3-BF4B-00C04F79EFBC}") = "02. Odd Occurrences", "02. Odd Occurrences\02. Odd Occurrences.csproj", "{634DE8A1-3323-45AF-A943-A958E742F9A2}"
EndProject
Project("{FAE04EC0-301F-11D3-BF4B-00C04F79EFBC}") = "03. Word Synonyms", "03. Word Synonyms\03. Word Synonyms.csproj", "{EC75F28A-6BC2-4C15-8345-65919078F7DC}"
EndProject
Project("{FAE04EC0-301F-11D3-BF4B-00C04F79EFBC}") = "04. Largest 3 Numbers", "04. Largest 3 Numbers\04. Largest 3 Numbers.csproj", "{DA4C2642-89F7-40DA-9717-5679C414B77A}"
EndProject
Project("{FAE04EC0-301F-11D3-BF4B-00C04F79EFBC}") = "05. Word Filter", "05. Word Filter\05. Word Filter.csproj", "{50D53517-A23D-4262-B94A-85B052B2ACE0}"
EndProject
Global
	GlobalSection(SolutionConfigurationPlatforms) = preSolution
		Debug|Any CPU = Debug|Any CPU
		Release|Any CPU = Release|Any CPU
	EndGlobalSection
	GlobalSection(ProjectConfigurationPlatforms) = postSolution
		{070FC19D-B8C5-40F5-A8A2-F879012D614A}.Debug|Any CPU.ActiveCfg = Debug|Any CPU
		{070FC19D-B8C5-40F5-A8A2-F879012D614A}.Debug|Any CPU.Build.0 = Debug|Any CPU
		{070FC19D-B8C5-40F5-A8A2-F879012D614A}.Release|Any CPU.ActiveCfg = Release|Any CPU
		{070FC19D-B8C5-40F5-A8A2-F879012D614A}.Release|Any CPU.Build.0 = Release|Any CPU
		{634DE8A1-3323-45AF-A943-A958E742F9A2}.Debug|Any CPU.ActiveCfg = Debug|Any CPU
		{634DE8A1-3323-45AF-A943-A958E742F9A2}.Debug|Any CPU.Build.0 = Debug|Any CPU
		{634DE8A1-3323-45AF-A943-A958E742F9A2}.Release|Any CPU.ActiveCfg = Release|Any CPU
		{634DE8A1-3323-45AF-A943-A958E742F9A2}.Release|Any CPU.Build.0 = Release|Any CPU
		{EC75F28A-6BC2-4C15-8345-65919078F7DC}.Debug|Any CPU.ActiveCfg = Debug|Any CPU
		{EC75F28A-6BC2-4C15-8345-65919078F7DC}.Debug|Any CPU.Build.0 = Debug|Any CPU
		{EC75F28A-6BC2-4C15-8345-65919078F7DC}.Release|Any CPU.ActiveCfg = Release|Any CPU
		{EC75F28A-6BC2-4C15-8345-65919078F7DC}.Release|Any CPU.Build.0 = Release|Any CPU
		{DA4C2642-89F7-40DA-9717-5679C414B77A}.Debug|Any CPU.ActiveCfg = Debug|Any CPU
		{DA4C2642-89F7-40DA-9717-5679C414B77A}.Debug|Any CPU.Build.0 = Debug|Any CPU
		{DA4C2642-89F7-40DA-9717-5679C414B77A}.Release|Any CPU.ActiveCfg = Release|Any CPU
		{DA4C2642-89F7-40DA-9717-5679C414B77A}.Release|Any CPU.Build.0 = Release|Any CPU
		{50D53517-A23D-4262-B94A-85B052B2ACE0}.Debug|Any CPU.ActiveCfg = Debug|Any CPU
		{50D53517-A23D-4262-B94A-85B052B2ACE0}.Debug|Any CPU.Build.0 = Debug|Any CPU
		{50D53517-A23D-4262-B94A-85B052B2ACE0}.Release|Any CPU.ActiveCfg = Release|Any CPU
		{50D53517-A23D-4262-B94A-85B052B2ACE0}.Release|Any CPU.Build.0 = Release|Any CPU
	EndGlobalSection
	GlobalSection(SolutionProperties) = preSolution
		HideSolutionNode = FALSE
	EndGlobalSection
	GlobalSection(ExtensibilityGlobals) = postSolution
		SolutionGuid = {9CDD0372-6E01-4E3A-BAC8-57FFCC9E6F9A}
	EndGlobalSection
EndGlobal
