
Microsoft Visual Studio Solution File, Format Version 12.00
# Visual Studio Version 16
VisualStudioVersion = 16.0.29424.173
MinimumVisualStudioVersion = 10.0.40219.1
Project("{FAE04EC0-301F-11D3-BF4B-00C04F79EFBC}") = "P03_SalesDatabase", "P03_SalesDatabase\P03_SalesDatabase.csproj", "{1DD26A09-3286-44CE-8703-D1DD7B9C4BBF}"
EndProject
Project("{9A19103F-16F7-4668-BE54-9A1E7A4F7556}") = "01.HospitalDatabase", "01. Hospital Database\01.HospitalDatabase.csproj", "{3C74A869-1234-4D87-AFDC-A200768F7C7A}"
EndProject
Global
	GlobalSection(SolutionConfigurationPlatforms) = preSolution
		Debug|Any CPU = Debug|Any CPU
		Release|Any CPU = Release|Any CPU
	EndGlobalSection
	GlobalSection(ProjectConfigurationPlatforms) = postSolution
		{1DD26A09-3286-44CE-8703-D1DD7B9C4BBF}.Debug|Any CPU.ActiveCfg = Debug|Any CPU
		{1DD26A09-3286-44CE-8703-D1DD7B9C4BBF}.Debug|Any CPU.Build.0 = Debug|Any CPU
		{1DD26A09-3286-44CE-8703-D1DD7B9C4BBF}.Release|Any CPU.ActiveCfg = Release|Any CPU
		{1DD26A09-3286-44CE-8703-D1DD7B9C4BBF}.Release|Any CPU.Build.0 = Release|Any CPU
		{3C74A869-1234-4D87-AFDC-A200768F7C7A}.Debug|Any CPU.ActiveCfg = Debug|Any CPU
		{3C74A869-1234-4D87-AFDC-A200768F7C7A}.Debug|Any CPU.Build.0 = Debug|Any CPU
		{3C74A869-1234-4D87-AFDC-A200768F7C7A}.Release|Any CPU.ActiveCfg = Release|Any CPU
		{3C74A869-1234-4D87-AFDC-A200768F7C7A}.Release|Any CPU.Build.0 = Release|Any CPU
	EndGlobalSection
	GlobalSection(SolutionProperties) = preSolution
		HideSolutionNode = FALSE
	EndGlobalSection
	GlobalSection(ExtensibilityGlobals) = postSolution
		SolutionGuid = {A7288694-74B6-4D41-B28D-FDDBB2DEE6A9}
	EndGlobalSection
EndGlobal
