
Microsoft Visual Studio Solution File, Format Version 12.00
# Visual Studio 15
VisualStudioVersion = 15.0.28307.421
MinimumVisualStudioVersion = 10.0.40219.1
Project("{FAE04EC0-301F-11D3-BF4B-00C04F79EFBC}") = "01. Data Types", "01. Data Types\01. Data Types.csproj", "{48A27253-94E0-47A3-8753-FBD765B9436C}"
EndProject
Global
	GlobalSection(SolutionConfigurationPlatforms) = preSolution
		Debug|Any CPU = Debug|Any CPU
		Release|Any CPU = Release|Any CPU
	EndGlobalSection
	GlobalSection(ProjectConfigurationPlatforms) = postSolution
		{48A27253-94E0-47A3-8753-FBD765B9436C}.Debug|Any CPU.ActiveCfg = Debug|Any CPU
		{48A27253-94E0-47A3-8753-FBD765B9436C}.Debug|Any CPU.Build.0 = Debug|Any CPU
		{48A27253-94E0-47A3-8753-FBD765B9436C}.Release|Any CPU.ActiveCfg = Release|Any CPU
		{48A27253-94E0-47A3-8753-FBD765B9436C}.Release|Any CPU.Build.0 = Release|Any CPU
	EndGlobalSection
	GlobalSection(SolutionProperties) = preSolution
		HideSolutionNode = FALSE
	EndGlobalSection
	GlobalSection(ExtensibilityGlobals) = postSolution
		SolutionGuid = {7650EF6A-A0F8-46D4-893A-E329DD926BCD}
	EndGlobalSection
EndGlobal
