
Microsoft Visual Studio Solution File, Format Version 12.00
# Visual Studio 15
VisualStudioVersion = 15.0.28307.329
MinimumVisualStudioVersion = 10.0.40219.1
Project("{FAE04EC0-301F-11D3-BF4B-00C04F79EFBC}") = "01. Encrypt, Sort and Print Array", "01. Encrypt, Sort and Print Array\01. Encrypt, Sort and Print Array.csproj", "{6B9EB358-B4C2-4B50-BE67-84E67454EDCE}"
EndProject
Project("{FAE04EC0-301F-11D3-BF4B-00C04F79EFBC}") = "02. Pascal Triangle", "02. Pascal Triangle\02. Pascal Triangle.csproj", "{B75FE62D-D622-49C9-B045-37EF2758675F}"
EndProject
Project("{FAE04EC0-301F-11D3-BF4B-00C04F79EFBC}") = "03. Recursive Fibonacci", "03. Recursive Fibonacci\03. Recursive Fibonacci.csproj", "{47EB0162-3D21-4DB3-8A98-B5B5D44D80FB}"
EndProject
Project("{FAE04EC0-301F-11D3-BF4B-00C04F79EFBC}") = "04. Fold and Sum", "04. Fold and Sum\04. Fold and Sum.csproj", "{B263B5A8-CB35-4E72-B22C-9EBED347F168}"
EndProject
Global
	GlobalSection(SolutionConfigurationPlatforms) = preSolution
		Debug|Any CPU = Debug|Any CPU
		Release|Any CPU = Release|Any CPU
	EndGlobalSection
	GlobalSection(ProjectConfigurationPlatforms) = postSolution
		{6B9EB358-B4C2-4B50-BE67-84E67454EDCE}.Debug|Any CPU.ActiveCfg = Debug|Any CPU
		{6B9EB358-B4C2-4B50-BE67-84E67454EDCE}.Debug|Any CPU.Build.0 = Debug|Any CPU
		{6B9EB358-B4C2-4B50-BE67-84E67454EDCE}.Release|Any CPU.ActiveCfg = Release|Any CPU
		{6B9EB358-B4C2-4B50-BE67-84E67454EDCE}.Release|Any CPU.Build.0 = Release|Any CPU
		{B75FE62D-D622-49C9-B045-37EF2758675F}.Debug|Any CPU.ActiveCfg = Debug|Any CPU
		{B75FE62D-D622-49C9-B045-37EF2758675F}.Debug|Any CPU.Build.0 = Debug|Any CPU
		{B75FE62D-D622-49C9-B045-37EF2758675F}.Release|Any CPU.ActiveCfg = Release|Any CPU
		{B75FE62D-D622-49C9-B045-37EF2758675F}.Release|Any CPU.Build.0 = Release|Any CPU
		{47EB0162-3D21-4DB3-8A98-B5B5D44D80FB}.Debug|Any CPU.ActiveCfg = Debug|Any CPU
		{47EB0162-3D21-4DB3-8A98-B5B5D44D80FB}.Debug|Any CPU.Build.0 = Debug|Any CPU
		{47EB0162-3D21-4DB3-8A98-B5B5D44D80FB}.Release|Any CPU.ActiveCfg = Release|Any CPU
		{47EB0162-3D21-4DB3-8A98-B5B5D44D80FB}.Release|Any CPU.Build.0 = Release|Any CPU
		{B263B5A8-CB35-4E72-B22C-9EBED347F168}.Debug|Any CPU.ActiveCfg = Debug|Any CPU
		{B263B5A8-CB35-4E72-B22C-9EBED347F168}.Debug|Any CPU.Build.0 = Debug|Any CPU
		{B263B5A8-CB35-4E72-B22C-9EBED347F168}.Release|Any CPU.ActiveCfg = Release|Any CPU
		{B263B5A8-CB35-4E72-B22C-9EBED347F168}.Release|Any CPU.Build.0 = Release|Any CPU
	EndGlobalSection
	GlobalSection(SolutionProperties) = preSolution
		HideSolutionNode = FALSE
	EndGlobalSection
	GlobalSection(ExtensibilityGlobals) = postSolution
		SolutionGuid = {6537DC07-E7D7-41BA-BE03-78B38EFE392C}
	EndGlobalSection
EndGlobal
