
Microsoft Visual Studio Solution File, Format Version 12.00
# Visual Studio Version 16
VisualStudioVersion = 16.0.29424.173
MinimumVisualStudioVersion = 10.0.40219.1
Project("{FAE04EC0-301F-11D3-BF4B-00C04F79EFBC}") = "P01_StudentSystem", "P01_StudentSystem\P01_StudentSystem.csproj", "{5BEECAE2-4F3E-401D-B2AB-75DD3172771A}"
EndProject
Global
	GlobalSection(SolutionConfigurationPlatforms) = preSolution
		Debug|Any CPU = Debug|Any CPU
		Release|Any CPU = Release|Any CPU
	EndGlobalSection
	GlobalSection(ProjectConfigurationPlatforms) = postSolution
		{5BEECAE2-4F3E-401D-B2AB-75DD3172771A}.Debug|Any CPU.ActiveCfg = Debug|Any CPU
		{5BEECAE2-4F3E-401D-B2AB-75DD3172771A}.Debug|Any CPU.Build.0 = Debug|Any CPU
		{5BEECAE2-4F3E-401D-B2AB-75DD3172771A}.Release|Any CPU.ActiveCfg = Release|Any CPU
		{5BEECAE2-4F3E-401D-B2AB-75DD3172771A}.Release|Any CPU.Build.0 = Release|Any CPU
	EndGlobalSection
	GlobalSection(SolutionProperties) = preSolution
		HideSolutionNode = FALSE
	EndGlobalSection
	GlobalSection(ExtensibilityGlobals) = postSolution
		SolutionGuid = {CEB81415-DBC1-42DB-9A09-54240A810FF1}
	EndGlobalSection
EndGlobal
