
Microsoft Visual Studio Solution File, Format Version 12.00
# Visual Studio 15
VisualStudioVersion = 15.0.28307.645
MinimumVisualStudioVersion = 10.0.40219.1
Project("{9A19103F-16F7-4668-BE54-9A1E7A4F7556}") = "01. Unique Usernames", "01. Unique Usernames\01. Unique Usernames.csproj", "{0170F395-F549-49DF-AB18-C1D7E778494F}"
EndProject
Project("{9A19103F-16F7-4668-BE54-9A1E7A4F7556}") = "02. Sets of Elements", "02. Sets of Elements\02. Sets of Elements.csproj", "{B16A35C9-B3C7-4868-ABC4-04C26594B6AB}"
EndProject
Project("{9A19103F-16F7-4668-BE54-9A1E7A4F7556}") = "03. Periodic Table", "03. Periodic Table\03. Periodic Table.csproj", "{1ACAB9EE-851B-4FD5-90DE-9FD22974B82B}"
EndProject
Project("{9A19103F-16F7-4668-BE54-9A1E7A4F7556}") = "04. Even Times", "04. Even Times\04. Even Times.csproj", "{3E5C8197-D2ED-452F-A620-5E80D498DCD0}"
EndProject
Project("{9A19103F-16F7-4668-BE54-9A1E7A4F7556}") = "05. Count Symbols", "05. Count Symbols\05. Count Symbols.csproj", "{38EE87DA-7CA0-4398-9E44-7F9D24291BF8}"
EndProject
Project("{9A19103F-16F7-4668-BE54-9A1E7A4F7556}") = "06. Wardrobe", "06. Wardrobe\06. Wardrobe.csproj", "{9356672E-23E5-431C-8FAB-7DE5D99AF9F5}"
EndProject
Project("{FAE04EC0-301F-11D3-BF4B-00C04F79EFBC}") = "07. The V-Logger", "07. The V-Logger\07. The V-Logger.csproj", "{39EE2E1A-BE4E-418C-B464-5145180898F6}"
EndProject
Project("{FAE04EC0-301F-11D3-BF4B-00C04F79EFBC}") = "08. Ranking", "08. Ranking\08. Ranking.csproj", "{735F95DB-D611-49CD-978D-7A999897B3C4}"
EndProject
Global
	GlobalSection(SolutionConfigurationPlatforms) = preSolution
		Debug|Any CPU = Debug|Any CPU
		Release|Any CPU = Release|Any CPU
	EndGlobalSection
	GlobalSection(ProjectConfigurationPlatforms) = postSolution
		{0170F395-F549-49DF-AB18-C1D7E778494F}.Debug|Any CPU.ActiveCfg = Debug|Any CPU
		{0170F395-F549-49DF-AB18-C1D7E778494F}.Debug|Any CPU.Build.0 = Debug|Any CPU
		{0170F395-F549-49DF-AB18-C1D7E778494F}.Release|Any CPU.ActiveCfg = Release|Any CPU
		{0170F395-F549-49DF-AB18-C1D7E778494F}.Release|Any CPU.Build.0 = Release|Any CPU
		{B16A35C9-B3C7-4868-ABC4-04C26594B6AB}.Debug|Any CPU.ActiveCfg = Debug|Any CPU
		{B16A35C9-B3C7-4868-ABC4-04C26594B6AB}.Debug|Any CPU.Build.0 = Debug|Any CPU
		{B16A35C9-B3C7-4868-ABC4-04C26594B6AB}.Release|Any CPU.ActiveCfg = Release|Any CPU
		{B16A35C9-B3C7-4868-ABC4-04C26594B6AB}.Release|Any CPU.Build.0 = Release|Any CPU
		{1ACAB9EE-851B-4FD5-90DE-9FD22974B82B}.Debug|Any CPU.ActiveCfg = Debug|Any CPU
		{1ACAB9EE-851B-4FD5-90DE-9FD22974B82B}.Debug|Any CPU.Build.0 = Debug|Any CPU
		{1ACAB9EE-851B-4FD5-90DE-9FD22974B82B}.Release|Any CPU.ActiveCfg = Release|Any CPU
		{1ACAB9EE-851B-4FD5-90DE-9FD22974B82B}.Release|Any CPU.Build.0 = Release|Any CPU
		{3E5C8197-D2ED-452F-A620-5E80D498DCD0}.Debug|Any CPU.ActiveCfg = Debug|Any CPU
		{3E5C8197-D2ED-452F-A620-5E80D498DCD0}.Debug|Any CPU.Build.0 = Debug|Any CPU
		{3E5C8197-D2ED-452F-A620-5E80D498DCD0}.Release|Any CPU.ActiveCfg = Release|Any CPU
		{3E5C8197-D2ED-452F-A620-5E80D498DCD0}.Release|Any CPU.Build.0 = Release|Any CPU
		{38EE87DA-7CA0-4398-9E44-7F9D24291BF8}.Debug|Any CPU.ActiveCfg = Debug|Any CPU
		{38EE87DA-7CA0-4398-9E44-7F9D24291BF8}.Debug|Any CPU.Build.0 = Debug|Any CPU
		{38EE87DA-7CA0-4398-9E44-7F9D24291BF8}.Release|Any CPU.ActiveCfg = Release|Any CPU
		{38EE87DA-7CA0-4398-9E44-7F9D24291BF8}.Release|Any CPU.Build.0 = Release|Any CPU
		{9356672E-23E5-431C-8FAB-7DE5D99AF9F5}.Debug|Any CPU.ActiveCfg = Debug|Any CPU
		{9356672E-23E5-431C-8FAB-7DE5D99AF9F5}.Debug|Any CPU.Build.0 = Debug|Any CPU
		{9356672E-23E5-431C-8FAB-7DE5D99AF9F5}.Release|Any CPU.ActiveCfg = Release|Any CPU
		{9356672E-23E5-431C-8FAB-7DE5D99AF9F5}.Release|Any CPU.Build.0 = Release|Any CPU
		{39EE2E1A-BE4E-418C-B464-5145180898F6}.Debug|Any CPU.ActiveCfg = Debug|Any CPU
		{39EE2E1A-BE4E-418C-B464-5145180898F6}.Debug|Any CPU.Build.0 = Debug|Any CPU
		{39EE2E1A-BE4E-418C-B464-5145180898F6}.Release|Any CPU.ActiveCfg = Release|Any CPU
		{39EE2E1A-BE4E-418C-B464-5145180898F6}.Release|Any CPU.Build.0 = Release|Any CPU
		{735F95DB-D611-49CD-978D-7A999897B3C4}.Debug|Any CPU.ActiveCfg = Debug|Any CPU
		{735F95DB-D611-49CD-978D-7A999897B3C4}.Debug|Any CPU.Build.0 = Debug|Any CPU
		{735F95DB-D611-49CD-978D-7A999897B3C4}.Release|Any CPU.ActiveCfg = Release|Any CPU
		{735F95DB-D611-49CD-978D-7A999897B3C4}.Release|Any CPU.Build.0 = Release|Any CPU
	EndGlobalSection
	GlobalSection(SolutionProperties) = preSolution
		HideSolutionNode = FALSE
	EndGlobalSection
	GlobalSection(ExtensibilityGlobals) = postSolution
		SolutionGuid = {CFD4D6DE-29FF-4417-AF03-129D13DEF3FB}
	EndGlobalSection
EndGlobal
