
Microsoft Visual Studio Solution File, Format Version 12.00
# Visual Studio 15
VisualStudioVersion = 15.0.28307.645
MinimumVisualStudioVersion = 10.0.40219.1
Project("{9A19103F-16F7-4668-BE54-9A1E7A4F7556}") = "01. Basic Stack Operations", "Stacks and Queues - Exercise\01. Basic Stack Operations.csproj", "{D974AFCE-841B-4D74-BA3A-54DBE23469B2}"
EndProject
Project("{9A19103F-16F7-4668-BE54-9A1E7A4F7556}") = "02. Basic Queue Operations", "02. Basic Queue Operations\02. Basic Queue Operations.csproj", "{8BCCBBF0-CF33-4CD8-B9D7-3932826C57EB}"
EndProject
Project("{9A19103F-16F7-4668-BE54-9A1E7A4F7556}") = "03. Maximum and Minimum Element", "03. Maximum and Minimum Element\03. Maximum and Minimum Element.csproj", "{41014B89-D8D9-4458-920C-AE31FF479F6A}"
EndProject
Project("{9A19103F-16F7-4668-BE54-9A1E7A4F7556}") = "04. Fast Food", "04. Fast Food\04. Fast Food.csproj", "{5AAAEC91-8F0E-4B4B-8E30-566B8ADBCC7B}"
EndProject
Project("{9A19103F-16F7-4668-BE54-9A1E7A4F7556}") = "05. Fashion Boutique", "05. Fashion Boutique\05. Fashion Boutique.csproj", "{4B625F69-AC6C-4E04-9B77-CB1320FA68DB}"
EndProject
Project("{9A19103F-16F7-4668-BE54-9A1E7A4F7556}") = "06. Auto Repair and Service", "06. Auto Repair and Service\06. Auto Repair and Service.csproj", "{E671F362-AF32-436D-BB07-1B5C519C84A7}"
EndProject
Project("{9A19103F-16F7-4668-BE54-9A1E7A4F7556}") = "07. Truck Tour", "07. Truck Tour\07. Truck Tour.csproj", "{F7400D9E-13AF-498A-872A-A3FCF270C164}"
EndProject
Project("{9A19103F-16F7-4668-BE54-9A1E7A4F7556}") = "08. Balanced Parenthesis", "08. Balanced Parenthesis\08. Balanced Parenthesis.csproj", "{8756443E-B122-42B6-BF8C-EDE270C3BCFA}"
EndProject
Project("{FAE04EC0-301F-11D3-BF4B-00C04F79EFBC}") = "09. Simple Text Editor", "09. Simple Text Editor\09. Simple Text Editor.csproj", "{6DE9AFBE-D814-4105-B7F1-4BE717C149C5}"
EndProject
Project("{FAE04EC0-301F-11D3-BF4B-00C04F79EFBC}") = "10. Crossroads", "10. Crossroads\10. Crossroads.csproj", "{A0476C89-FA93-4104-BB80-BF9C10E803E7}"
EndProject
Project("{FAE04EC0-301F-11D3-BF4B-00C04F79EFBC}") = "11. Key Revolver", "11. Key Revolver\11. Key Revolver.csproj", "{23983E26-E68D-4D68-BB81-FCEC4969BADB}"
EndProject
Project("{FAE04EC0-301F-11D3-BF4B-00C04F79EFBC}") = "12. Cups and Bottles", "12. Cups and Bottles\12. Cups and Bottles.csproj", "{D41C9CD0-64A5-4297-9961-E6A42CF6B9E2}"
EndProject
Global
	GlobalSection(SolutionConfigurationPlatforms) = preSolution
		Debug|Any CPU = Debug|Any CPU
		Release|Any CPU = Release|Any CPU
	EndGlobalSection
	GlobalSection(ProjectConfigurationPlatforms) = postSolution
		{D974AFCE-841B-4D74-BA3A-54DBE23469B2}.Debug|Any CPU.ActiveCfg = Debug|Any CPU
		{D974AFCE-841B-4D74-BA3A-54DBE23469B2}.Debug|Any CPU.Build.0 = Debug|Any CPU
		{D974AFCE-841B-4D74-BA3A-54DBE23469B2}.Release|Any CPU.ActiveCfg = Release|Any CPU
		{D974AFCE-841B-4D74-BA3A-54DBE23469B2}.Release|Any CPU.Build.0 = Release|Any CPU
		{8BCCBBF0-CF33-4CD8-B9D7-3932826C57EB}.Debug|Any CPU.ActiveCfg = Debug|Any CPU
		{8BCCBBF0-CF33-4CD8-B9D7-3932826C57EB}.Debug|Any CPU.Build.0 = Debug|Any CPU
		{8BCCBBF0-CF33-4CD8-B9D7-3932826C57EB}.Release|Any CPU.ActiveCfg = Release|Any CPU
		{8BCCBBF0-CF33-4CD8-B9D7-3932826C57EB}.Release|Any CPU.Build.0 = Release|Any CPU
		{41014B89-D8D9-4458-920C-AE31FF479F6A}.Debug|Any CPU.ActiveCfg = Debug|Any CPU
		{41014B89-D8D9-4458-920C-AE31FF479F6A}.Debug|Any CPU.Build.0 = Debug|Any CPU
		{41014B89-D8D9-4458-920C-AE31FF479F6A}.Release|Any CPU.ActiveCfg = Release|Any CPU
		{41014B89-D8D9-4458-920C-AE31FF479F6A}.Release|Any CPU.Build.0 = Release|Any CPU
		{5AAAEC91-8F0E-4B4B-8E30-566B8ADBCC7B}.Debug|Any CPU.ActiveCfg = Debug|Any CPU
		{5AAAEC91-8F0E-4B4B-8E30-566B8ADBCC7B}.Debug|Any CPU.Build.0 = Debug|Any CPU
		{5AAAEC91-8F0E-4B4B-8E30-566B8ADBCC7B}.Release|Any CPU.ActiveCfg = Release|Any CPU
		{5AAAEC91-8F0E-4B4B-8E30-566B8ADBCC7B}.Release|Any CPU.Build.0 = Release|Any CPU
		{4B625F69-AC6C-4E04-9B77-CB1320FA68DB}.Debug|Any CPU.ActiveCfg = Debug|Any CPU
		{4B625F69-AC6C-4E04-9B77-CB1320FA68DB}.Debug|Any CPU.Build.0 = Debug|Any CPU
		{4B625F69-AC6C-4E04-9B77-CB1320FA68DB}.Release|Any CPU.ActiveCfg = Release|Any CPU
		{4B625F69-AC6C-4E04-9B77-CB1320FA68DB}.Release|Any CPU.Build.0 = Release|Any CPU
		{E671F362-AF32-436D-BB07-1B5C519C84A7}.Debug|Any CPU.ActiveCfg = Debug|Any CPU
		{E671F362-AF32-436D-BB07-1B5C519C84A7}.Debug|Any CPU.Build.0 = Debug|Any CPU
		{E671F362-AF32-436D-BB07-1B5C519C84A7}.Release|Any CPU.ActiveCfg = Release|Any CPU
		{E671F362-AF32-436D-BB07-1B5C519C84A7}.Release|Any CPU.Build.0 = Release|Any CPU
		{F7400D9E-13AF-498A-872A-A3FCF270C164}.Debug|Any CPU.ActiveCfg = Debug|Any CPU
		{F7400D9E-13AF-498A-872A-A3FCF270C164}.Debug|Any CPU.Build.0 = Debug|Any CPU
		{F7400D9E-13AF-498A-872A-A3FCF270C164}.Release|Any CPU.ActiveCfg = Release|Any CPU
		{F7400D9E-13AF-498A-872A-A3FCF270C164}.Release|Any CPU.Build.0 = Release|Any CPU
		{8756443E-B122-42B6-BF8C-EDE270C3BCFA}.Debug|Any CPU.ActiveCfg = Debug|Any CPU
		{8756443E-B122-42B6-BF8C-EDE270C3BCFA}.Debug|Any CPU.Build.0 = Debug|Any CPU
		{8756443E-B122-42B6-BF8C-EDE270C3BCFA}.Release|Any CPU.ActiveCfg = Release|Any CPU
		{8756443E-B122-42B6-BF8C-EDE270C3BCFA}.Release|Any CPU.Build.0 = Release|Any CPU
		{6DE9AFBE-D814-4105-B7F1-4BE717C149C5}.Debug|Any CPU.ActiveCfg = Debug|Any CPU
		{6DE9AFBE-D814-4105-B7F1-4BE717C149C5}.Debug|Any CPU.Build.0 = Debug|Any CPU
		{6DE9AFBE-D814-4105-B7F1-4BE717C149C5}.Release|Any CPU.ActiveCfg = Release|Any CPU
		{6DE9AFBE-D814-4105-B7F1-4BE717C149C5}.Release|Any CPU.Build.0 = Release|Any CPU
		{A0476C89-FA93-4104-BB80-BF9C10E803E7}.Debug|Any CPU.ActiveCfg = Debug|Any CPU
		{A0476C89-FA93-4104-BB80-BF9C10E803E7}.Debug|Any CPU.Build.0 = Debug|Any CPU
		{A0476C89-FA93-4104-BB80-BF9C10E803E7}.Release|Any CPU.ActiveCfg = Release|Any CPU
		{A0476C89-FA93-4104-BB80-BF9C10E803E7}.Release|Any CPU.Build.0 = Release|Any CPU
		{23983E26-E68D-4D68-BB81-FCEC4969BADB}.Debug|Any CPU.ActiveCfg = Debug|Any CPU
		{23983E26-E68D-4D68-BB81-FCEC4969BADB}.Debug|Any CPU.Build.0 = Debug|Any CPU
		{23983E26-E68D-4D68-BB81-FCEC4969BADB}.Release|Any CPU.ActiveCfg = Release|Any CPU
		{23983E26-E68D-4D68-BB81-FCEC4969BADB}.Release|Any CPU.Build.0 = Release|Any CPU
		{D41C9CD0-64A5-4297-9961-E6A42CF6B9E2}.Debug|Any CPU.ActiveCfg = Debug|Any CPU
		{D41C9CD0-64A5-4297-9961-E6A42CF6B9E2}.Debug|Any CPU.Build.0 = Debug|Any CPU
		{D41C9CD0-64A5-4297-9961-E6A42CF6B9E2}.Release|Any CPU.ActiveCfg = Release|Any CPU
		{D41C9CD0-64A5-4297-9961-E6A42CF6B9E2}.Release|Any CPU.Build.0 = Release|Any CPU
	EndGlobalSection
	GlobalSection(SolutionProperties) = preSolution
		HideSolutionNode = FALSE
	EndGlobalSection
	GlobalSection(ExtensibilityGlobals) = postSolution
		SolutionGuid = {127FC291-2557-4049-9065-DB5AB3874839}
	EndGlobalSection
EndGlobal
