
Microsoft Visual Studio Solution File, Format Version 12.00
# Visual Studio 15
VisualStudioVersion = 15.0.28307.645
MinimumVisualStudioVersion = 10.0.40219.1
Project("{FAE04EC0-301F-11D3-BF4B-00C04F79EFBC}") = "01. Count Same Values in Array", "01. Count Same Values in Array\01. Count Same Values in Array.csproj", "{84CA570E-27DD-4983-B0F4-C1A94072384D}"
EndProject
Project("{FAE04EC0-301F-11D3-BF4B-00C04F79EFBC}") = "02. Average Student Grades", "02. Average Student Grades\02. Average Student Grades.csproj", "{28C9744D-A19A-48F7-9BCA-73A351EE3965}"
EndProject
Global
	GlobalSection(SolutionConfigurationPlatforms) = preSolution
		Debug|Any CPU = Debug|Any CPU
		Release|Any CPU = Release|Any CPU
	EndGlobalSection
	GlobalSection(ProjectConfigurationPlatforms) = postSolution
		{84CA570E-27DD-4983-B0F4-C1A94072384D}.Debug|Any CPU.ActiveCfg = Debug|Any CPU
		{84CA570E-27DD-4983-B0F4-C1A94072384D}.Debug|Any CPU.Build.0 = Debug|Any CPU
		{84CA570E-27DD-4983-B0F4-C1A94072384D}.Release|Any CPU.ActiveCfg = Release|Any CPU
		{84CA570E-27DD-4983-B0F4-C1A94072384D}.Release|Any CPU.Build.0 = Release|Any CPU
		{28C9744D-A19A-48F7-9BCA-73A351EE3965}.Debug|Any CPU.ActiveCfg = Debug|Any CPU
		{28C9744D-A19A-48F7-9BCA-73A351EE3965}.Debug|Any CPU.Build.0 = Debug|Any CPU
		{28C9744D-A19A-48F7-9BCA-73A351EE3965}.Release|Any CPU.ActiveCfg = Release|Any CPU
		{28C9744D-A19A-48F7-9BCA-73A351EE3965}.Release|Any CPU.Build.0 = Release|Any CPU
	EndGlobalSection
	GlobalSection(SolutionProperties) = preSolution
		HideSolutionNode = FALSE
	EndGlobalSection
	GlobalSection(ExtensibilityGlobals) = postSolution
		SolutionGuid = {046EC400-1560-49F8-BA6C-B4300D804414}
	EndGlobalSection
EndGlobal
