
Microsoft Visual Studio Solution File, Format Version 12.00
# Visual Studio 15
VisualStudioVersion = 15.0.28307.645
MinimumVisualStudioVersion = 10.0.40219.1
Project("{FAE04EC0-301F-11D3-BF4B-00C04F79EFBC}") = "01.RawData", "01.RawData\01.RawData.csproj", "{B3604C61-926F-4AE8-ABE8-C9DE57A27F0B}"
EndProject
Project("{FAE04EC0-301F-11D3-BF4B-00C04F79EFBC}") = "02.CarSalesman", "02.CarSalesman\02.CarSalesman.csproj", "{9F8E23D2-FA38-4A29-BA04-DFDCC16DA210}"
EndProject
Project("{FAE04EC0-301F-11D3-BF4B-00C04F79EFBC}") = "03.JediGalaxy", "03.JediGalaxy\03.JediGalaxy.csproj", "{B50AB87A-030D-405C-B7D8-88DAA46AD4BA}"
EndProject
Project("{FAE04EC0-301F-11D3-BF4B-00C04F79EFBC}") = "04.Hospital", "04.Hospital\04.Hospital.csproj", "{B29789C9-FDDE-4C72-AEF1-8AD749CBAA4B}"
EndProject
Project("{FAE04EC0-301F-11D3-BF4B-00C04F79EFBC}") = "05.GreedyTimes", "05.GreedyTimes\05.GreedyTimes.csproj", "{5F2EA8CA-FA8D-47BE-A11B-3FDFC9983D62}"
EndProject
Project("{FAE04EC0-301F-11D3-BF4B-00C04F79EFBC}") = "06.Sneaking", "06.Sneaking\06.Sneaking.csproj", "{5F5237A0-9DCD-4F3A-8E4F-2D949711E44C}"
EndProject
Global
	GlobalSection(SolutionConfigurationPlatforms) = preSolution
		Debug|Any CPU = Debug|Any CPU
		Release|Any CPU = Release|Any CPU
	EndGlobalSection
	GlobalSection(ProjectConfigurationPlatforms) = postSolution
		{B3604C61-926F-4AE8-ABE8-C9DE57A27F0B}.Debug|Any CPU.ActiveCfg = Debug|Any CPU
		{B3604C61-926F-4AE8-ABE8-C9DE57A27F0B}.Debug|Any CPU.Build.0 = Debug|Any CPU
		{B3604C61-926F-4AE8-ABE8-C9DE57A27F0B}.Release|Any CPU.ActiveCfg = Release|Any CPU
		{B3604C61-926F-4AE8-ABE8-C9DE57A27F0B}.Release|Any CPU.Build.0 = Release|Any CPU
		{9F8E23D2-FA38-4A29-BA04-DFDCC16DA210}.Debug|Any CPU.ActiveCfg = Debug|Any CPU
		{9F8E23D2-FA38-4A29-BA04-DFDCC16DA210}.Debug|Any CPU.Build.0 = Debug|Any CPU
		{9F8E23D2-FA38-4A29-BA04-DFDCC16DA210}.Release|Any CPU.ActiveCfg = Release|Any CPU
		{9F8E23D2-FA38-4A29-BA04-DFDCC16DA210}.Release|Any CPU.Build.0 = Release|Any CPU
		{B50AB87A-030D-405C-B7D8-88DAA46AD4BA}.Debug|Any CPU.ActiveCfg = Debug|Any CPU
		{B50AB87A-030D-405C-B7D8-88DAA46AD4BA}.Debug|Any CPU.Build.0 = Debug|Any CPU
		{B50AB87A-030D-405C-B7D8-88DAA46AD4BA}.Release|Any CPU.ActiveCfg = Release|Any CPU
		{B50AB87A-030D-405C-B7D8-88DAA46AD4BA}.Release|Any CPU.Build.0 = Release|Any CPU
		{B29789C9-FDDE-4C72-AEF1-8AD749CBAA4B}.Debug|Any CPU.ActiveCfg = Debug|Any CPU
		{B29789C9-FDDE-4C72-AEF1-8AD749CBAA4B}.Debug|Any CPU.Build.0 = Debug|Any CPU
		{B29789C9-FDDE-4C72-AEF1-8AD749CBAA4B}.Release|Any CPU.ActiveCfg = Release|Any CPU
		{B29789C9-FDDE-4C72-AEF1-8AD749CBAA4B}.Release|Any CPU.Build.0 = Release|Any CPU
		{5F2EA8CA-FA8D-47BE-A11B-3FDFC9983D62}.Debug|Any CPU.ActiveCfg = Debug|Any CPU
		{5F2EA8CA-FA8D-47BE-A11B-3FDFC9983D62}.Debug|Any CPU.Build.0 = Debug|Any CPU
		{5F2EA8CA-FA8D-47BE-A11B-3FDFC9983D62}.Release|Any CPU.ActiveCfg = Release|Any CPU
		{5F2EA8CA-FA8D-47BE-A11B-3FDFC9983D62}.Release|Any CPU.Build.0 = Release|Any CPU
		{5F5237A0-9DCD-4F3A-8E4F-2D949711E44C}.Debug|Any CPU.ActiveCfg = Debug|Any CPU
		{5F5237A0-9DCD-4F3A-8E4F-2D949711E44C}.Debug|Any CPU.Build.0 = Debug|Any CPU
		{5F5237A0-9DCD-4F3A-8E4F-2D949711E44C}.Release|Any CPU.ActiveCfg = Release|Any CPU
		{5F5237A0-9DCD-4F3A-8E4F-2D949711E44C}.Release|Any CPU.Build.0 = Release|Any CPU
	EndGlobalSection
	GlobalSection(SolutionProperties) = preSolution
		HideSolutionNode = FALSE
	EndGlobalSection
	GlobalSection(ExtensibilityGlobals) = postSolution
		SolutionGuid = {55E24B81-AAAA-45CB-B434-E8A7067809AC}
	EndGlobalSection
EndGlobal
