
Microsoft Visual Studio Solution File, Format Version 12.00
# Visual Studio 15
VisualStudioVersion = 15.0.28307.271
MinimumVisualStudioVersion = 10.0.40219.1
Project("{9A19103F-16F7-4668-BE54-9A1E7A4F7556}") = "01. Data Type Finder", "01. Data Type Finder\01. Data Type Finder.csproj", "{26D261CC-0BDF-430C-A908-5FF4BC9B63EE}"
EndProject
Project("{9A19103F-16F7-4668-BE54-9A1E7A4F7556}") = "02. From Left to The Right", "02. From Left to The Right\02. From Left to The Right.csproj", "{2D0B1856-8D5B-4059-89C5-17BEF0A4BE64}"
EndProject
Project("{9A19103F-16F7-4668-BE54-9A1E7A4F7556}") = "03. Floating Equality", "03. Floating Equality\03. Floating Equality.csproj", "{DFC812C2-66FF-40D9-89A1-FBD2F5D7599A}"
EndProject
Project("{9A19103F-16F7-4668-BE54-9A1E7A4F7556}") = "04. Refactoring-Prime Checker", "04. Refactoring-Prime Checker\04. Refactoring-Prime Checker.csproj", "{C79663DA-349B-4FA7-9CF2-83D43A2D3E6B}"
EndProject
Project("{9A19103F-16F7-4668-BE54-9A1E7A4F7556}") = "05. Decrypting Message", "05. Decrypting Message\05. Decrypting Message.csproj", "{A92516BD-6E7E-41EF-8276-6DB1BF6749D5}"
EndProject
Project("{9A19103F-16F7-4668-BE54-9A1E7A4F7556}") = "05. Decrypting Message -1", "05. Decrypting Message -1\05. Decrypting Message -1.csproj", "{4C882288-D13B-4BCD-98E9-3CC9D6BB991B}"
EndProject
Project("{FAE04EC0-301F-11D3-BF4B-00C04F79EFBC}") = "06. Balanced Brackets", "06. Balanced Brackets\06. Balanced Brackets.csproj", "{65E525DA-C910-494B-923A-508D8B54B4BC}"
EndProject
Global
	GlobalSection(SolutionConfigurationPlatforms) = preSolution
		Debug|Any CPU = Debug|Any CPU
		Release|Any CPU = Release|Any CPU
	EndGlobalSection
	GlobalSection(ProjectConfigurationPlatforms) = postSolution
		{26D261CC-0BDF-430C-A908-5FF4BC9B63EE}.Debug|Any CPU.ActiveCfg = Debug|Any CPU
		{26D261CC-0BDF-430C-A908-5FF4BC9B63EE}.Debug|Any CPU.Build.0 = Debug|Any CPU
		{26D261CC-0BDF-430C-A908-5FF4BC9B63EE}.Release|Any CPU.ActiveCfg = Release|Any CPU
		{26D261CC-0BDF-430C-A908-5FF4BC9B63EE}.Release|Any CPU.Build.0 = Release|Any CPU
		{2D0B1856-8D5B-4059-89C5-17BEF0A4BE64}.Debug|Any CPU.ActiveCfg = Debug|Any CPU
		{2D0B1856-8D5B-4059-89C5-17BEF0A4BE64}.Debug|Any CPU.Build.0 = Debug|Any CPU
		{2D0B1856-8D5B-4059-89C5-17BEF0A4BE64}.Release|Any CPU.ActiveCfg = Release|Any CPU
		{2D0B1856-8D5B-4059-89C5-17BEF0A4BE64}.Release|Any CPU.Build.0 = Release|Any CPU
		{DFC812C2-66FF-40D9-89A1-FBD2F5D7599A}.Debug|Any CPU.ActiveCfg = Debug|Any CPU
		{DFC812C2-66FF-40D9-89A1-FBD2F5D7599A}.Debug|Any CPU.Build.0 = Debug|Any CPU
		{DFC812C2-66FF-40D9-89A1-FBD2F5D7599A}.Release|Any CPU.ActiveCfg = Release|Any CPU
		{DFC812C2-66FF-40D9-89A1-FBD2F5D7599A}.Release|Any CPU.Build.0 = Release|Any CPU
		{C79663DA-349B-4FA7-9CF2-83D43A2D3E6B}.Debug|Any CPU.ActiveCfg = Debug|Any CPU
		{C79663DA-349B-4FA7-9CF2-83D43A2D3E6B}.Debug|Any CPU.Build.0 = Debug|Any CPU
		{C79663DA-349B-4FA7-9CF2-83D43A2D3E6B}.Release|Any CPU.ActiveCfg = Release|Any CPU
		{C79663DA-349B-4FA7-9CF2-83D43A2D3E6B}.Release|Any CPU.Build.0 = Release|Any CPU
		{A92516BD-6E7E-41EF-8276-6DB1BF6749D5}.Debug|Any CPU.ActiveCfg = Debug|Any CPU
		{A92516BD-6E7E-41EF-8276-6DB1BF6749D5}.Debug|Any CPU.Build.0 = Debug|Any CPU
		{A92516BD-6E7E-41EF-8276-6DB1BF6749D5}.Release|Any CPU.ActiveCfg = Release|Any CPU
		{A92516BD-6E7E-41EF-8276-6DB1BF6749D5}.Release|Any CPU.Build.0 = Release|Any CPU
		{4C882288-D13B-4BCD-98E9-3CC9D6BB991B}.Debug|Any CPU.ActiveCfg = Debug|Any CPU
		{4C882288-D13B-4BCD-98E9-3CC9D6BB991B}.Debug|Any CPU.Build.0 = Debug|Any CPU
		{4C882288-D13B-4BCD-98E9-3CC9D6BB991B}.Release|Any CPU.ActiveCfg = Release|Any CPU
		{4C882288-D13B-4BCD-98E9-3CC9D6BB991B}.Release|Any CPU.Build.0 = Release|Any CPU
		{65E525DA-C910-494B-923A-508D8B54B4BC}.Debug|Any CPU.ActiveCfg = Debug|Any CPU
		{65E525DA-C910-494B-923A-508D8B54B4BC}.Debug|Any CPU.Build.0 = Debug|Any CPU
		{65E525DA-C910-494B-923A-508D8B54B4BC}.Release|Any CPU.ActiveCfg = Release|Any CPU
		{65E525DA-C910-494B-923A-508D8B54B4BC}.Release|Any CPU.Build.0 = Release|Any CPU
	EndGlobalSection
	GlobalSection(SolutionProperties) = preSolution
		HideSolutionNode = FALSE
	EndGlobalSection
	GlobalSection(ExtensibilityGlobals) = postSolution
		SolutionGuid = {29CF9FB6-25D1-4C28-AD52-C92DC13C4F68}
	EndGlobalSection
EndGlobal
